
Microsoft Visual Studio Solution File, Format Version 12.00
# Visual Studio Version 16
VisualStudioVersion = 16.0.808.0
MinimumVisualStudioVersion = 10.0.40219.1
Project("{FAE04EC0-301F-11D3-BF4B-00C04F79EFBC}") = "dotnet_test", "dotnet_test\dotnet_test.csproj", "{701DDB4E-1BF5-4628-8400-1ECEFA121967}"
EndProject
Project("{FAE04EC0-301F-11D3-BF4B-00C04F79EFBC}") = "dddd", "dddd\dddd.csproj", "{C5F95185-5413-446D-9704-4EDDCA4A57C1}"
EndProject
Project("{FAE04EC0-301F-11D3-BF4B-00C04F79EFBC}") = "no_auth_test", "no_auth_test\no_auth_test.csproj", "{E420C487-6AA1-47F0-A312-921781A644A8}"
EndProject
Project("{FAE04EC0-301F-11D3-BF4B-00C04F79EFBC}") = "const_var_assemblr", "const_var_assemblr\const_var_assemblr.csproj", "{8C4BAAD6-7BAB-4372-8473-C12BFB746F59}"
EndProject
Project("{FAE04EC0-301F-11D3-BF4B-00C04F79EFBC}") = "ctor_test", "ctor_test\ctor_test.csproj", "{0D297312-DB4C-4D4B-A8C2-F43CE039D75D}"
EndProject
Project("{FAE04EC0-301F-11D3-BF4B-00C04F79EFBC}") = "inheritance_test", "inheritance_test\inheritance_test.csproj", "{E3AEE620-EF49-4B14-BEA2-D72ECFBC5CF7}"
EndProject
Project("{FAE04EC0-301F-11D3-BF4B-00C04F79EFBC}") = "str", "str\str.csproj", "{87EF58CF-C688-452E-9632-A73D269A7EF7}"
EndProject
Project("{FAE04EC0-301F-11D3-BF4B-00C04F79EFBC}") = "trans_type", "trans_type\trans_type.csproj", "{1169B9F1-3619-4192-AE53-769724B9ACB2}"
EndProject
Project("{FAE04EC0-301F-11D3-BF4B-00C04F79EFBC}") = "paramters", "paramters\paramters.csproj", "{0BF31AB0-941F-4E05-A0E5-9391C984AFBB}"
EndProject
Project("{F2A71F9B-5D33-465A-A702-920D77279786}") = "fsharp", "fsharp\fsharp.fsproj", "{3DABBD4A-3C7D-428D-A3D9-71C41C1636E7}"
EndProject
Project("{FAE04EC0-301F-11D3-BF4B-00C04F79EFBC}") = "point", "point\point.csproj", "{B540A8C4-0B6D-4AAE-A4D7-523F23B7FDB6}"
EndProject
Project("{FAE04EC0-301F-11D3-BF4B-00C04F79EFBC}") = "property", "property\property.csproj", "{0E253A3B-9DFE-4F27-B3F4-00BC655DDB2B}"
EndProject
Project("{FAE04EC0-301F-11D3-BF4B-00C04F79EFBC}") = "Event", "Event\Event.csproj", "{459882A1-0449-4E64-A1A0-B2DBEBB41B88}"
EndProject
Project("{FAE04EC0-301F-11D3-BF4B-00C04F79EFBC}") = "Thread", "Thread\Thread.csproj", "{6A7B236A-95D6-403A-9C26-6E2200E6A4D4}"
EndProject
Project("{FAE04EC0-301F-11D3-BF4B-00C04F79EFBC}") = "delegate_test", "delegate_test\delegate_test.csproj", "{8BCA3B96-E4D9-4616-B322-8AC2E981EAAB}"
EndProject
Project("{FAE04EC0-301F-11D3-BF4B-00C04F79EFBC}") = "generic_test", "generic_test\generic_test.csproj", "{92AB06AD-4F3C-4541-B7F8-7701ABA46988}"
EndProject
Project("{FAE04EC0-301F-11D3-BF4B-00C04F79EFBC}") = "interface_test", "interface_test\interface_test.csproj", "{75061C7F-21DF-467E-A36B-422211892F02}"
EndProject
Project("{FAE04EC0-301F-11D3-BF4B-00C04F79EFBC}") = "string_test", "string_test\string_test.csproj", "{7B6AAA34-F180-4CCE-83FA-4EBCEA5CE543}"
EndProject
Project("{FAE04EC0-301F-11D3-BF4B-00C04F79EFBC}") = "enum_test", "enum_test\enum_test.csproj", "{5BE6E8C4-E89B-417C-B1B3-95D992C5CE0C}"
EndProject
Project("{FAE04EC0-301F-11D3-BF4B-00C04F79EFBC}") = "array_test", "array_test\array_test.csproj", "{65A12416-CA06-493F-8B19-F94551C2A41C}"
EndProject
Project("{2150E333-8FDC-42A3-9474-1A3956D46DE8}") = "refs", "refs", "{D0A1DBB2-87CD-4708-8073-7A260CA67DF6}"
EndProject
Project("{FAE04EC0-301F-11D3-BF4B-00C04F79EFBC}") = "Zhous", "Zhous\Zhous.csproj", "{826DE9CE-B72A-45F6-A633-89F426171F24}"
EndProject
Project("{FAE04EC0-301F-11D3-BF4B-00C04F79EFBC}") = "attribute_test", "attribute_test\attribute_test.csproj", "{3C7F4025-CA30-4E5E-B267-130712CEA07F}"
EndProject
Project("{FAE04EC0-301F-11D3-BF4B-00C04F79EFBC}") = "exception_test", "exception_test\exception_test.csproj", "{96D8AC95-D854-42C6-B8F7-DA187FC015BF}"
EndProject
Project("{FAE04EC0-301F-11D3-BF4B-00C04F79EFBC}") = "GCTest", "GCTest\GCTest.csproj", "{287ECEE3-C887-4849-9348-57E4D36553FF}"
EndProject
Project("{FAE04EC0-301F-11D3-BF4B-00C04F79EFBC}") = "AppDomainTest", "AppDomainTest\AppDomainTest.csproj", "{82B99B59-9B19-4CD3-8120-071CD50B57E0}"
EndProject
Project("{FAE04EC0-301F-11D3-BF4B-00C04F79EFBC}") = "reflection_test", "reflection_test\reflection_test.csproj", "{3F493779-81AE-47FD-B38A-49D3438368C8}"
EndProject
Project("{FAE04EC0-301F-11D3-BF4B-00C04F79EFBC}") = "SerializationTest", "SerializationTest\SerializationTest.csproj", "{7C7A3E33-995B-4339-AC3C-CCD7F42E67EC}"
EndProject
Project("{FAE04EC0-301F-11D3-BF4B-00C04F79EFBC}") = "ThreadTest", "ThreadTest\ThreadTest.csproj", "{382D9A95-2D61-4C7A-85C6-6CDBFB71358A}"
EndProject
Project("{2150E333-8FDC-42A3-9474-1A3956D46DE8}") = "algorithm", "algorithm", "{9225071D-F799-4F9E-8F1F-430AF3B79393}"
EndProject
Project("{FAE04EC0-301F-11D3-BF4B-00C04F79EFBC}") = "bucket_sort", "bucket_sort\bucket_sort.csproj", "{BBA2F41D-5EEC-4556-9249-A19DCEDACFDC}"
EndProject
Global
	GlobalSection(SolutionConfigurationPlatforms) = preSolution
		Debug|Any CPU = Debug|Any CPU
		Release|Any CPU = Release|Any CPU
	EndGlobalSection
	GlobalSection(ProjectConfigurationPlatforms) = postSolution
		{701DDB4E-1BF5-4628-8400-1ECEFA121967}.Debug|Any CPU.ActiveCfg = Debug|Any CPU
		{701DDB4E-1BF5-4628-8400-1ECEFA121967}.Debug|Any CPU.Build.0 = Debug|Any CPU
		{701DDB4E-1BF5-4628-8400-1ECEFA121967}.Release|Any CPU.ActiveCfg = Release|Any CPU
		{701DDB4E-1BF5-4628-8400-1ECEFA121967}.Release|Any CPU.Build.0 = Release|Any CPU
		{C5F95185-5413-446D-9704-4EDDCA4A57C1}.Debug|Any CPU.ActiveCfg = Debug|Any CPU
		{C5F95185-5413-446D-9704-4EDDCA4A57C1}.Debug|Any CPU.Build.0 = Debug|Any CPU
		{C5F95185-5413-446D-9704-4EDDCA4A57C1}.Release|Any CPU.ActiveCfg = Release|Any CPU
		{C5F95185-5413-446D-9704-4EDDCA4A57C1}.Release|Any CPU.Build.0 = Release|Any CPU
		{E420C487-6AA1-47F0-A312-921781A644A8}.Debug|Any CPU.ActiveCfg = Debug|Any CPU
		{E420C487-6AA1-47F0-A312-921781A644A8}.Debug|Any CPU.Build.0 = Debug|Any CPU
		{E420C487-6AA1-47F0-A312-921781A644A8}.Release|Any CPU.ActiveCfg = Release|Any CPU
		{E420C487-6AA1-47F0-A312-921781A644A8}.Release|Any CPU.Build.0 = Release|Any CPU
		{8C4BAAD6-7BAB-4372-8473-C12BFB746F59}.Debug|Any CPU.ActiveCfg = Debug|Any CPU
		{8C4BAAD6-7BAB-4372-8473-C12BFB746F59}.Debug|Any CPU.Build.0 = Debug|Any CPU
		{8C4BAAD6-7BAB-4372-8473-C12BFB746F59}.Release|Any CPU.ActiveCfg = Release|Any CPU
		{8C4BAAD6-7BAB-4372-8473-C12BFB746F59}.Release|Any CPU.Build.0 = Release|Any CPU
		{0D297312-DB4C-4D4B-A8C2-F43CE039D75D}.Debug|Any CPU.ActiveCfg = Debug|Any CPU
		{0D297312-DB4C-4D4B-A8C2-F43CE039D75D}.Debug|Any CPU.Build.0 = Debug|Any CPU
		{0D297312-DB4C-4D4B-A8C2-F43CE039D75D}.Release|Any CPU.ActiveCfg = Release|Any CPU
		{0D297312-DB4C-4D4B-A8C2-F43CE039D75D}.Release|Any CPU.Build.0 = Release|Any CPU
		{E3AEE620-EF49-4B14-BEA2-D72ECFBC5CF7}.Debug|Any CPU.ActiveCfg = Debug|Any CPU
		{E3AEE620-EF49-4B14-BEA2-D72ECFBC5CF7}.Debug|Any CPU.Build.0 = Debug|Any CPU
		{E3AEE620-EF49-4B14-BEA2-D72ECFBC5CF7}.Release|Any CPU.ActiveCfg = Release|Any CPU
		{E3AEE620-EF49-4B14-BEA2-D72ECFBC5CF7}.Release|Any CPU.Build.0 = Release|Any CPU
		{87EF58CF-C688-452E-9632-A73D269A7EF7}.Debug|Any CPU.ActiveCfg = Debug|Any CPU
		{87EF58CF-C688-452E-9632-A73D269A7EF7}.Debug|Any CPU.Build.0 = Debug|Any CPU
		{87EF58CF-C688-452E-9632-A73D269A7EF7}.Release|Any CPU.ActiveCfg = Release|Any CPU
		{87EF58CF-C688-452E-9632-A73D269A7EF7}.Release|Any CPU.Build.0 = Release|Any CPU
		{1169B9F1-3619-4192-AE53-769724B9ACB2}.Debug|Any CPU.ActiveCfg = Debug|Any CPU
		{1169B9F1-3619-4192-AE53-769724B9ACB2}.Debug|Any CPU.Build.0 = Debug|Any CPU
		{1169B9F1-3619-4192-AE53-769724B9ACB2}.Release|Any CPU.ActiveCfg = Release|Any CPU
		{1169B9F1-3619-4192-AE53-769724B9ACB2}.Release|Any CPU.Build.0 = Release|Any CPU
		{0BF31AB0-941F-4E05-A0E5-9391C984AFBB}.Debug|Any CPU.ActiveCfg = Debug|Any CPU
		{0BF31AB0-941F-4E05-A0E5-9391C984AFBB}.Debug|Any CPU.Build.0 = Debug|Any CPU
		{0BF31AB0-941F-4E05-A0E5-9391C984AFBB}.Release|Any CPU.ActiveCfg = Release|Any CPU
		{0BF31AB0-941F-4E05-A0E5-9391C984AFBB}.Release|Any CPU.Build.0 = Release|Any CPU
		{3DABBD4A-3C7D-428D-A3D9-71C41C1636E7}.Debug|Any CPU.ActiveCfg = Debug|Any CPU
		{3DABBD4A-3C7D-428D-A3D9-71C41C1636E7}.Debug|Any CPU.Build.0 = Debug|Any CPU
		{3DABBD4A-3C7D-428D-A3D9-71C41C1636E7}.Release|Any CPU.ActiveCfg = Release|Any CPU
		{3DABBD4A-3C7D-428D-A3D9-71C41C1636E7}.Release|Any CPU.Build.0 = Release|Any CPU
		{B540A8C4-0B6D-4AAE-A4D7-523F23B7FDB6}.Debug|Any CPU.ActiveCfg = Debug|Any CPU
		{B540A8C4-0B6D-4AAE-A4D7-523F23B7FDB6}.Debug|Any CPU.Build.0 = Debug|Any CPU
		{B540A8C4-0B6D-4AAE-A4D7-523F23B7FDB6}.Release|Any CPU.ActiveCfg = Release|Any CPU
		{B540A8C4-0B6D-4AAE-A4D7-523F23B7FDB6}.Release|Any CPU.Build.0 = Release|Any CPU
		{0E253A3B-9DFE-4F27-B3F4-00BC655DDB2B}.Debug|Any CPU.ActiveCfg = Debug|Any CPU
		{0E253A3B-9DFE-4F27-B3F4-00BC655DDB2B}.Debug|Any CPU.Build.0 = Debug|Any CPU
		{0E253A3B-9DFE-4F27-B3F4-00BC655DDB2B}.Release|Any CPU.ActiveCfg = Release|Any CPU
		{0E253A3B-9DFE-4F27-B3F4-00BC655DDB2B}.Release|Any CPU.Build.0 = Release|Any CPU
		{459882A1-0449-4E64-A1A0-B2DBEBB41B88}.Debug|Any CPU.ActiveCfg = Debug|Any CPU
		{459882A1-0449-4E64-A1A0-B2DBEBB41B88}.Debug|Any CPU.Build.0 = Debug|Any CPU
		{459882A1-0449-4E64-A1A0-B2DBEBB41B88}.Release|Any CPU.ActiveCfg = Release|Any CPU
		{459882A1-0449-4E64-A1A0-B2DBEBB41B88}.Release|Any CPU.Build.0 = Release|Any CPU
		{6A7B236A-95D6-403A-9C26-6E2200E6A4D4}.Debug|Any CPU.ActiveCfg = Debug|Any CPU
		{6A7B236A-95D6-403A-9C26-6E2200E6A4D4}.Debug|Any CPU.Build.0 = Debug|Any CPU
		{6A7B236A-95D6-403A-9C26-6E2200E6A4D4}.Release|Any CPU.ActiveCfg = Release|Any CPU
		{6A7B236A-95D6-403A-9C26-6E2200E6A4D4}.Release|Any CPU.Build.0 = Release|Any CPU
		{8BCA3B96-E4D9-4616-B322-8AC2E981EAAB}.Debug|Any CPU.ActiveCfg = Debug|Any CPU
		{8BCA3B96-E4D9-4616-B322-8AC2E981EAAB}.Debug|Any CPU.Build.0 = Debug|Any CPU
		{8BCA3B96-E4D9-4616-B322-8AC2E981EAAB}.Release|Any CPU.ActiveCfg = Release|Any CPU
		{8BCA3B96-E4D9-4616-B322-8AC2E981EAAB}.Release|Any CPU.Build.0 = Release|Any CPU
		{92AB06AD-4F3C-4541-B7F8-7701ABA46988}.Debug|Any CPU.ActiveCfg = Debug|Any CPU
		{92AB06AD-4F3C-4541-B7F8-7701ABA46988}.Debug|Any CPU.Build.0 = Debug|Any CPU
		{92AB06AD-4F3C-4541-B7F8-7701ABA46988}.Release|Any CPU.ActiveCfg = Release|Any CPU
		{92AB06AD-4F3C-4541-B7F8-7701ABA46988}.Release|Any CPU.Build.0 = Release|Any CPU
		{75061C7F-21DF-467E-A36B-422211892F02}.Debug|Any CPU.ActiveCfg = Debug|Any CPU
		{75061C7F-21DF-467E-A36B-422211892F02}.Debug|Any CPU.Build.0 = Debug|Any CPU
		{75061C7F-21DF-467E-A36B-422211892F02}.Release|Any CPU.ActiveCfg = Release|Any CPU
		{75061C7F-21DF-467E-A36B-422211892F02}.Release|Any CPU.Build.0 = Release|Any CPU
		{7B6AAA34-F180-4CCE-83FA-4EBCEA5CE543}.Debug|Any CPU.ActiveCfg = Debug|Any CPU
		{7B6AAA34-F180-4CCE-83FA-4EBCEA5CE543}.Debug|Any CPU.Build.0 = Debug|Any CPU
		{7B6AAA34-F180-4CCE-83FA-4EBCEA5CE543}.Release|Any CPU.ActiveCfg = Release|Any CPU
		{7B6AAA34-F180-4CCE-83FA-4EBCEA5CE543}.Release|Any CPU.Build.0 = Release|Any CPU
		{5BE6E8C4-E89B-417C-B1B3-95D992C5CE0C}.Debug|Any CPU.ActiveCfg = Debug|Any CPU
		{5BE6E8C4-E89B-417C-B1B3-95D992C5CE0C}.Debug|Any CPU.Build.0 = Debug|Any CPU
		{5BE6E8C4-E89B-417C-B1B3-95D992C5CE0C}.Release|Any CPU.ActiveCfg = Release|Any CPU
		{5BE6E8C4-E89B-417C-B1B3-95D992C5CE0C}.Release|Any CPU.Build.0 = Release|Any CPU
		{65A12416-CA06-493F-8B19-F94551C2A41C}.Debug|Any CPU.ActiveCfg = Debug|Any CPU
		{65A12416-CA06-493F-8B19-F94551C2A41C}.Debug|Any CPU.Build.0 = Debug|Any CPU
		{65A12416-CA06-493F-8B19-F94551C2A41C}.Release|Any CPU.ActiveCfg = Release|Any CPU
		{65A12416-CA06-493F-8B19-F94551C2A41C}.Release|Any CPU.Build.0 = Release|Any CPU
		{826DE9CE-B72A-45F6-A633-89F426171F24}.Debug|Any CPU.ActiveCfg = Debug|Any CPU
		{826DE9CE-B72A-45F6-A633-89F426171F24}.Debug|Any CPU.Build.0 = Debug|Any CPU
		{826DE9CE-B72A-45F6-A633-89F426171F24}.Release|Any CPU.ActiveCfg = Release|Any CPU
		{826DE9CE-B72A-45F6-A633-89F426171F24}.Release|Any CPU.Build.0 = Release|Any CPU
		{3C7F4025-CA30-4E5E-B267-130712CEA07F}.Debug|Any CPU.ActiveCfg = Debug|Any CPU
		{3C7F4025-CA30-4E5E-B267-130712CEA07F}.Debug|Any CPU.Build.0 = Debug|Any CPU
		{3C7F4025-CA30-4E5E-B267-130712CEA07F}.Release|Any CPU.ActiveCfg = Release|Any CPU
		{3C7F4025-CA30-4E5E-B267-130712CEA07F}.Release|Any CPU.Build.0 = Release|Any CPU
		{96D8AC95-D854-42C6-B8F7-DA187FC015BF}.Debug|Any CPU.ActiveCfg = Debug|Any CPU
		{96D8AC95-D854-42C6-B8F7-DA187FC015BF}.Debug|Any CPU.Build.0 = Debug|Any CPU
		{96D8AC95-D854-42C6-B8F7-DA187FC015BF}.Release|Any CPU.ActiveCfg = Release|Any CPU
		{96D8AC95-D854-42C6-B8F7-DA187FC015BF}.Release|Any CPU.Build.0 = Release|Any CPU
		{287ECEE3-C887-4849-9348-57E4D36553FF}.Debug|Any CPU.ActiveCfg = Debug|Any CPU
		{287ECEE3-C887-4849-9348-57E4D36553FF}.Debug|Any CPU.Build.0 = Debug|Any CPU
		{287ECEE3-C887-4849-9348-57E4D36553FF}.Release|Any CPU.ActiveCfg = Release|Any CPU
		{287ECEE3-C887-4849-9348-57E4D36553FF}.Release|Any CPU.Build.0 = Release|Any CPU
		{82B99B59-9B19-4CD3-8120-071CD50B57E0}.Debug|Any CPU.ActiveCfg = Debug|Any CPU
		{82B99B59-9B19-4CD3-8120-071CD50B57E0}.Debug|Any CPU.Build.0 = Debug|Any CPU
		{82B99B59-9B19-4CD3-8120-071CD50B57E0}.Release|Any CPU.ActiveCfg = Release|Any CPU
		{82B99B59-9B19-4CD3-8120-071CD50B57E0}.Release|Any CPU.Build.0 = Release|Any CPU
		{3F493779-81AE-47FD-B38A-49D3438368C8}.Debug|Any CPU.ActiveCfg = Debug|Any CPU
		{3F493779-81AE-47FD-B38A-49D3438368C8}.Debug|Any CPU.Build.0 = Debug|Any CPU
		{3F493779-81AE-47FD-B38A-49D3438368C8}.Release|Any CPU.ActiveCfg = Release|Any CPU
		{3F493779-81AE-47FD-B38A-49D3438368C8}.Release|Any CPU.Build.0 = Release|Any CPU
		{7C7A3E33-995B-4339-AC3C-CCD7F42E67EC}.Debug|Any CPU.ActiveCfg = Debug|Any CPU
		{7C7A3E33-995B-4339-AC3C-CCD7F42E67EC}.Debug|Any CPU.Build.0 = Debug|Any CPU
		{7C7A3E33-995B-4339-AC3C-CCD7F42E67EC}.Release|Any CPU.ActiveCfg = Release|Any CPU
		{7C7A3E33-995B-4339-AC3C-CCD7F42E67EC}.Release|Any CPU.Build.0 = Release|Any CPU
		{382D9A95-2D61-4C7A-85C6-6CDBFB71358A}.Debug|Any CPU.ActiveCfg = Debug|Any CPU
		{382D9A95-2D61-4C7A-85C6-6CDBFB71358A}.Debug|Any CPU.Build.0 = Debug|Any CPU
		{382D9A95-2D61-4C7A-85C6-6CDBFB71358A}.Release|Any CPU.ActiveCfg = Release|Any CPU
		{382D9A95-2D61-4C7A-85C6-6CDBFB71358A}.Release|Any CPU.Build.0 = Release|Any CPU
		{BBA2F41D-5EEC-4556-9249-A19DCEDACFDC}.Debug|Any CPU.ActiveCfg = Debug|Any CPU
		{BBA2F41D-5EEC-4556-9249-A19DCEDACFDC}.Debug|Any CPU.Build.0 = Debug|Any CPU
		{BBA2F41D-5EEC-4556-9249-A19DCEDACFDC}.Release|Any CPU.ActiveCfg = Release|Any CPU
		{BBA2F41D-5EEC-4556-9249-A19DCEDACFDC}.Release|Any CPU.Build.0 = Release|Any CPU
	EndGlobalSection
	GlobalSection(SolutionProperties) = preSolution
		HideSolutionNode = FALSE
	EndGlobalSection
	GlobalSection(ExtensibilityGlobals) = postSolution
		SolutionGuid = {A5BD5063-BE3B-404E-8EBE-3E0425ED9BE2}
	EndGlobalSection
	GlobalSection(NestedProjects) = preSolution
		{B540A8C4-0B6D-4AAE-A4D7-523F23B7FDB6} = {D0A1DBB2-87CD-4708-8073-7A260CA67DF6}
		{BBA2F41D-5EEC-4556-9249-A19DCEDACFDC} = {9225071D-F799-4F9E-8F1F-430AF3B79393}
	EndGlobalSection
EndGlobal
