
Microsoft Visual Studio Solution File, Format Version 12.00
# Visual Studio Version 16
VisualStudioVersion = 16.0.808.0
MinimumVisualStudioVersion = 10.0.40219.1
Project("{FAE04EC0-301F-11D3-BF4B-00C04F79EFBC}") = "dotnet_test", "dotnet_test\dotnet_test.csproj", "{701DDB4E-1BF5-4628-8400-1ECEFA121967}"
EndProject
Project("{FAE04EC0-301F-11D3-BF4B-00C04F79EFBC}") = "dddd", "dddd\dddd.csproj", "{C5F95185-5413-446D-9704-4EDDCA4A57C1}"
EndProject
Project("{FAE04EC0-301F-11D3-BF4B-00C04F79EFBC}") = "no_auth_test", "no_auth_test\no_auth_test.csproj", "{E420C487-6AA1-47F0-A312-921781A644A8}"
EndProject
Project("{FAE04EC0-301F-11D3-BF4B-00C04F79EFBC}") = "const_var_assemblr", "const_var_assemblr\const_var_assemblr.csproj", "{8C4BAAD6-7BAB-4372-8473-C12BFB746F59}"
EndProject
Project("{FAE04EC0-301F-11D3-BF4B-00C04F79EFBC}") = "ctor_test", "ctor_test\ctor_test.csproj", "{0D297312-DB4C-4D4B-A8C2-F43CE039D75D}"
EndProject
Project("{FAE04EC0-301F-11D3-BF4B-00C04F79EFBC}") = "inheritance_test", "inheritance_test\inheritance_test.csproj", "{E3AEE620-EF49-4B14-BEA2-D72ECFBC5CF7}"
EndProject
Project("{FAE04EC0-301F-11D3-BF4B-00C04F79EFBC}") = "str", "str\str.csproj", "{87EF58CF-C688-452E-9632-A73D269A7EF7}"
EndProject
Project("{FAE04EC0-301F-11D3-BF4B-00C04F79EFBC}") = "trans_type", "trans_type\trans_type.csproj", "{1169B9F1-3619-4192-AE53-769724B9ACB2}"
EndProject
Project("{FAE04EC0-301F-11D3-BF4B-00C04F79EFBC}") = "paramters", "paramters\paramters.csproj", "{0BF31AB0-941F-4E05-A0E5-9391C984AFBB}"
EndProject
Project("{F2A71F9B-5D33-465A-A702-920D77279786}") = "fsharp", "fsharp\fsharp.fsproj", "{3DABBD4A-3C7D-428D-A3D9-71C41C1636E7}"
EndProject
Project("{FAE04EC0-301F-11D3-BF4B-00C04F79EFBC}") = "point", "point\point.csproj", "{B540A8C4-0B6D-4AAE-A4D7-523F23B7FDB6}"
EndProject
Global
	GlobalSection(SolutionConfigurationPlatforms) = preSolution
		Debug|Any CPU = Debug|Any CPU
		Release|Any CPU = Release|Any CPU
	EndGlobalSection
	GlobalSection(ProjectConfigurationPlatforms) = postSolution
		{701DDB4E-1BF5-4628-8400-1ECEFA121967}.Debug|Any CPU.ActiveCfg = Debug|Any CPU
		{701DDB4E-1BF5-4628-8400-1ECEFA121967}.Debug|Any CPU.Build.0 = Debug|Any CPU
		{701DDB4E-1BF5-4628-8400-1ECEFA121967}.Release|Any CPU.ActiveCfg = Release|Any CPU
		{701DDB4E-1BF5-4628-8400-1ECEFA121967}.Release|Any CPU.Build.0 = Release|Any CPU
		{C5F95185-5413-446D-9704-4EDDCA4A57C1}.Debug|Any CPU.ActiveCfg = Debug|Any CPU
		{C5F95185-5413-446D-9704-4EDDCA4A57C1}.Debug|Any CPU.Build.0 = Debug|Any CPU
		{C5F95185-5413-446D-9704-4EDDCA4A57C1}.Release|Any CPU.ActiveCfg = Release|Any CPU
		{C5F95185-5413-446D-9704-4EDDCA4A57C1}.Release|Any CPU.Build.0 = Release|Any CPU
		{E420C487-6AA1-47F0-A312-921781A644A8}.Debug|Any CPU.ActiveCfg = Debug|Any CPU
		{E420C487-6AA1-47F0-A312-921781A644A8}.Debug|Any CPU.Build.0 = Debug|Any CPU
		{E420C487-6AA1-47F0-A312-921781A644A8}.Release|Any CPU.ActiveCfg = Release|Any CPU
		{E420C487-6AA1-47F0-A312-921781A644A8}.Release|Any CPU.Build.0 = Release|Any CPU
		{8C4BAAD6-7BAB-4372-8473-C12BFB746F59}.Debug|Any CPU.ActiveCfg = Debug|Any CPU
		{8C4BAAD6-7BAB-4372-8473-C12BFB746F59}.Debug|Any CPU.Build.0 = Debug|Any CPU
		{8C4BAAD6-7BAB-4372-8473-C12BFB746F59}.Release|Any CPU.ActiveCfg = Release|Any CPU
		{8C4BAAD6-7BAB-4372-8473-C12BFB746F59}.Release|Any CPU.Build.0 = Release|Any CPU
		{0D297312-DB4C-4D4B-A8C2-F43CE039D75D}.Debug|Any CPU.ActiveCfg = Debug|Any CPU
		{0D297312-DB4C-4D4B-A8C2-F43CE039D75D}.Debug|Any CPU.Build.0 = Debug|Any CPU
		{0D297312-DB4C-4D4B-A8C2-F43CE039D75D}.Release|Any CPU.ActiveCfg = Release|Any CPU
		{0D297312-DB4C-4D4B-A8C2-F43CE039D75D}.Release|Any CPU.Build.0 = Release|Any CPU
		{E3AEE620-EF49-4B14-BEA2-D72ECFBC5CF7}.Debug|Any CPU.ActiveCfg = Debug|Any CPU
		{E3AEE620-EF49-4B14-BEA2-D72ECFBC5CF7}.Debug|Any CPU.Build.0 = Debug|Any CPU
		{E3AEE620-EF49-4B14-BEA2-D72ECFBC5CF7}.Release|Any CPU.ActiveCfg = Release|Any CPU
		{E3AEE620-EF49-4B14-BEA2-D72ECFBC5CF7}.Release|Any CPU.Build.0 = Release|Any CPU
		{87EF58CF-C688-452E-9632-A73D269A7EF7}.Debug|Any CPU.ActiveCfg = Debug|Any CPU
		{87EF58CF-C688-452E-9632-A73D269A7EF7}.Debug|Any CPU.Build.0 = Debug|Any CPU
		{87EF58CF-C688-452E-9632-A73D269A7EF7}.Release|Any CPU.ActiveCfg = Release|Any CPU
		{87EF58CF-C688-452E-9632-A73D269A7EF7}.Release|Any CPU.Build.0 = Release|Any CPU
		{1169B9F1-3619-4192-AE53-769724B9ACB2}.Debug|Any CPU.ActiveCfg = Debug|Any CPU
		{1169B9F1-3619-4192-AE53-769724B9ACB2}.Debug|Any CPU.Build.0 = Debug|Any CPU
		{1169B9F1-3619-4192-AE53-769724B9ACB2}.Release|Any CPU.ActiveCfg = Release|Any CPU
		{1169B9F1-3619-4192-AE53-769724B9ACB2}.Release|Any CPU.Build.0 = Release|Any CPU
		{0BF31AB0-941F-4E05-A0E5-9391C984AFBB}.Debug|Any CPU.ActiveCfg = Debug|Any CPU
		{0BF31AB0-941F-4E05-A0E5-9391C984AFBB}.Debug|Any CPU.Build.0 = Debug|Any CPU
		{0BF31AB0-941F-4E05-A0E5-9391C984AFBB}.Release|Any CPU.ActiveCfg = Release|Any CPU
		{0BF31AB0-941F-4E05-A0E5-9391C984AFBB}.Release|Any CPU.Build.0 = Release|Any CPU
		{3DABBD4A-3C7D-428D-A3D9-71C41C1636E7}.Debug|Any CPU.ActiveCfg = Debug|Any CPU
		{3DABBD4A-3C7D-428D-A3D9-71C41C1636E7}.Debug|Any CPU.Build.0 = Debug|Any CPU
		{3DABBD4A-3C7D-428D-A3D9-71C41C1636E7}.Release|Any CPU.ActiveCfg = Release|Any CPU
		{3DABBD4A-3C7D-428D-A3D9-71C41C1636E7}.Release|Any CPU.Build.0 = Release|Any CPU
		{B540A8C4-0B6D-4AAE-A4D7-523F23B7FDB6}.Debug|Any CPU.ActiveCfg = Debug|Any CPU
		{B540A8C4-0B6D-4AAE-A4D7-523F23B7FDB6}.Debug|Any CPU.Build.0 = Debug|Any CPU
		{B540A8C4-0B6D-4AAE-A4D7-523F23B7FDB6}.Release|Any CPU.ActiveCfg = Release|Any CPU
		{B540A8C4-0B6D-4AAE-A4D7-523F23B7FDB6}.Release|Any CPU.Build.0 = Release|Any CPU
	EndGlobalSection
	GlobalSection(SolutionProperties) = preSolution
		HideSolutionNode = FALSE
	EndGlobalSection
	GlobalSection(ExtensibilityGlobals) = postSolution
		SolutionGuid = {A5BD5063-BE3B-404E-8EBE-3E0425ED9BE2}
	EndGlobalSection
EndGlobal
